
Microsoft Visual Studio Solution File, Format Version 12.00
# Visual Studio Version 17
VisualStudioVersion = 17.5.33424.131
MinimumVisualStudioVersion = 10.0.40219.1
Project("{9A19103F-16F7-4668-BE54-9A1E7A4F7556}") = "AspNetCoreIdentity", "AspNetCoreIdentity\AspNetCoreIdentity.csproj", "{609FF385-2D72-4E81-8E14-29B95B2FCB79}"
EndProject
Project("{9A19103F-16F7-4668-BE54-9A1E7A4F7556}") = "Core", "Core\Core.csproj", "{5B8238EC-CE08-4B4F-B3A4-68BB3E8E382C}"
EndProject
Project("{9A19103F-16F7-4668-BE54-9A1E7A4F7556}") = "Repositories", "Repositories\Repositories.csproj", "{2877FD7D-216F-4339-B887-19A59FCC090C}"
EndProject
Project("{9A19103F-16F7-4668-BE54-9A1E7A4F7556}") = "Service", "Service\Service.csproj", "{A886F638-8A66-47B9-BD21-ED0B5D66C86F}"
EndProject
Project("{2150E333-8FDC-42A3-9474-1A3956D46DE8}") = "workflow", "workflow", "{25A05860-CB86-403E-96AB-52EC9120928D}"
	ProjectSection(SolutionItems) = preProject
		nuget.yml = nuget.yml
	EndProjectSection
EndProject
Global
	GlobalSection(SolutionConfigurationPlatforms) = preSolution
		Debug|Any CPU = Debug|Any CPU
		Release|Any CPU = Release|Any CPU
	EndGlobalSection
	GlobalSection(ProjectConfigurationPlatforms) = postSolution
		{609FF385-2D72-4E81-8E14-29B95B2FCB79}.Debug|Any CPU.ActiveCfg = Debug|Any CPU
		{609FF385-2D72-4E81-8E14-29B95B2FCB79}.Debug|Any CPU.Build.0 = Debug|Any CPU
		{609FF385-2D72-4E81-8E14-29B95B2FCB79}.Release|Any CPU.ActiveCfg = Release|Any CPU
		{609FF385-2D72-4E81-8E14-29B95B2FCB79}.Release|Any CPU.Build.0 = Release|Any CPU
		{5B8238EC-CE08-4B4F-B3A4-68BB3E8E382C}.Debug|Any CPU.ActiveCfg = Debug|Any CPU
		{5B8238EC-CE08-4B4F-B3A4-68BB3E8E382C}.Debug|Any CPU.Build.0 = Debug|Any CPU
		{5B8238EC-CE08-4B4F-B3A4-68BB3E8E382C}.Release|Any CPU.ActiveCfg = Release|Any CPU
		{5B8238EC-CE08-4B4F-B3A4-68BB3E8E382C}.Release|Any CPU.Build.0 = Release|Any CPU
		{2877FD7D-216F-4339-B887-19A59FCC090C}.Debug|Any CPU.ActiveCfg = Debug|Any CPU
		{2877FD7D-216F-4339-B887-19A59FCC090C}.Debug|Any CPU.Build.0 = Debug|Any CPU
		{2877FD7D-216F-4339-B887-19A59FCC090C}.Release|Any CPU.ActiveCfg = Release|Any CPU
		{2877FD7D-216F-4339-B887-19A59FCC090C}.Release|Any CPU.Build.0 = Release|Any CPU
		{A886F638-8A66-47B9-BD21-ED0B5D66C86F}.Debug|Any CPU.ActiveCfg = Debug|Any CPU
		{A886F638-8A66-47B9-BD21-ED0B5D66C86F}.Debug|Any CPU.Build.0 = Debug|Any CPU
		{A886F638-8A66-47B9-BD21-ED0B5D66C86F}.Release|Any CPU.ActiveCfg = Release|Any CPU
		{A886F638-8A66-47B9-BD21-ED0B5D66C86F}.Release|Any CPU.Build.0 = Release|Any CPU
	EndGlobalSection
	GlobalSection(SolutionProperties) = preSolution
		HideSolutionNode = FALSE
	EndGlobalSection
	GlobalSection(ExtensibilityGlobals) = postSolution
		SolutionGuid = {6688348B-D7A3-4FCD-8CFB-96FD5DAE175F}
	EndGlobalSection
EndGlobal
